PODS:
  - InputBarAccessoryView (5.3.1):
    - InputBarAccessoryView/Core (= 5.3.1)
  - InputBarAccessoryView/Core (5.3.1)
  - KeychainSwift (19.0.0)
  - MBProgressHUD (1.2.0)
  - MessageKit (3.6.1):
    - InputBarAccessoryView (~> 5.3.1)
  - PhoneNumberKit (3.3.0):
    - PhoneNumberKit/PhoneNumberKitCore (= 3.3.0)
    - PhoneNumberKit/UIKit (= 3.3.0)
  - PhoneNumberKit/PhoneNumberKitCore (3.3.0)
  - PhoneNumberKit/UIKit (3.3.0):
    - PhoneNumberKit/PhoneNumberKitCore

DEPENDENCIES:
  - KeychainSwift (~> 19.0)
  - MBProgressHUD (= 1.2.0)
  - MessageKit
  - PhoneNumberKit (= 3.3)

SPEC REPOS:
  trunk:
    - InputBarAccessoryView
    - KeychainSwift
    - MBProgressHUD
    - MessageKit
    - PhoneNumberKit

SPEC CHECKSUMS:
  InputBarAccessoryView: 1f75d8c9f75e5e57f3ffac36ed58635a8005e0bc
  KeychainSwift: a06190cf933ad46b1e0abc3d77d29c06331715c7
  MBProgressHUD: 3ee5efcc380f6a79a7cc9b363dd669c5e1ae7406
  MessageKit: d153fbbbcb12f3f4045a1ba8874298924dacfb62
  PhoneNumberKit: edd7d55c9bcf5b00cb7675c045b24c698a43c874

PODFILE CHECKSUM: 3ef6cac07c01a74f08af66ddfe9a3d8df0dc6047

COCOAPODS: 1.10.1
